
Microsoft Visual Studio Solution File, Format Version 12.00
# Visual Studio Version 17
VisualStudioVersion = 17.8.34330.188
MinimumVisualStudioVersion = 10.0.40219.1
Project("{2150E333-8FDC-42A3-9474-1A3956D46DE8}") = ".template.config", ".template.config", "{E8C308D8-121D-47FE-9920-4E435EE488B6}"
	ProjectSection(SolutionItems) = preProject
		template.json = template.json
	EndProjectSection
EndProject
Project("{9A19103F-16F7-4668-BE54-9A1E7A4F7556}") = "FormatDemo", "FormatDemo\FormatDemo.csproj", "{4E6183A4-4A22-46AD-BB85-7C62C5AF15E8}"
EndProject
Project("{2150E333-8FDC-42A3-9474-1A3956D46DE8}") = "CodeGenerator", "CodeGenerator", "{8503A187-E15B-4A93-9CFB-286988E67A21}"
EndProject
Project("{2150E333-8FDC-42A3-9474-1A3956D46DE8}") = "OwnPackages", "OwnPackages", "{EAC30FB9-13C4-4CFF-B4BA-15A459072D65}"
EndProject
Project("{2150E333-8FDC-42A3-9474-1A3956D46DE8}") = "PUB-SUB", "PUB-SUB", "{521AFDDF-8CEB-41DA-822A-6F4672504A4D}"
EndProject
Project("{2150E333-8FDC-42A3-9474-1A3956D46DE8}") = "Mini-Implementation", "Mini-Implementation", "{BF860EDD-7496-4D3C-B1CA-F417A1278A40}"
EndProject
Project("{2150E333-8FDC-42A3-9474-1A3956D46DE8}") = "DatabaseRelated", "DatabaseRelated", "{5D680459-4AD8-4560-93BF-F3F6CDDD2C3A}"
EndProject
Project("{9A19103F-16F7-4668-BE54-9A1E7A4F7556}") = "PlayGround", "DatabaseRelated\PlayGround\PlayGround.csproj", "{BE139EAC-0577-4F99-970D-F9B08DBCE4AF}"
EndProject
Project("{9A19103F-16F7-4668-BE54-9A1E7A4F7556}") = "GrpcClient", "Mini-Implementation\RenameDemo\GrpcClient.csproj", "{BD188FD6-E1D6-4563-8CB4-924297EF75B8}"
EndProject
Project("{9A19103F-16F7-4668-BE54-9A1E7A4F7556}") = "GrpcServer", "Mini-Implementation\GrpcServer\GrpcServer.csproj", "{CE97EA10-567D-4B19-B17F-18C69AA68453}"
EndProject
Project("{9A19103F-16F7-4668-BE54-9A1E7A4F7556}") = "MassTransitSample", "PUB-SUB\MassTransit\MassTransitSample.csproj", "{38D6C403-7155-4D07-8231-CBA33FEC83F9}"
EndProject
Project("{9A19103F-16F7-4668-BE54-9A1E7A4F7556}") = "xyz.math.cal", "OwnPackages\xyz.math.cal\xyz.math.cal.csproj", "{2089352B-28BA-4EF1-BE2B-9101C7A3A285}"
EndProject
Project("{9A19103F-16F7-4668-BE54-9A1E7A4F7556}") = "HealthCheckandWatchDog", "Mini-Implementation\HealthCheckandWatchDog\HealthCheckandWatchDog.csproj", "{C906395A-B38A-4FB0-B2F6-D98D8AFE03AE}"
EndProject
Project("{9A19103F-16F7-4668-BE54-9A1E7A4F7556}") = "DbUpDemo", "DatabaseRelated\DbUpDemo\DbUpDemo.csproj", "{DCD09E49-758A-4BB7-BA34-222C226C163A}"
EndProject
Project("{9A19103F-16F7-4668-BE54-9A1E7A4F7556}") = "FunctionGenerator", "CodeGenerator\FunctionGenerator\FunctionGenerator.csproj", "{ED0FD884-7C60-4386-8DC4-F842F7EF9144}"
EndProject
Project("{9A19103F-16F7-4668-BE54-9A1E7A4F7556}") = "MinimalApi", "CodeGenerator\MinimalApi\MinimalApi.csproj", "{22B566C6-0DB2-4295-9B37-3C23F9C81AF8}"
EndProject
Project("{9A19103F-16F7-4668-BE54-9A1E7A4F7556}") = "RawCodingSCG", "CodeGenerator\RawCodingSCG\RawCodingSCG.csproj", "{9F5345B5-C3FE-4BD3-B111-5632643E384C}"
EndProject
Project("{9A19103F-16F7-4668-BE54-9A1E7A4F7556}") = "SampleGenerator", "CodeGenerator\SampleGenerator\SampleGenerator.csproj", "{4E348587-1E6C-4450-B346-D4E212F0DBCD}"
EndProject
Project("{9A19103F-16F7-4668-BE54-9A1E7A4F7556}") = "SourceCodeGenerator", "CodeGenerator\SourceCodeGenerator\SourceCodeGenerator.csproj", "{B026EF93-615F-4B8E-B0AD-AA1831AEF32C}"
EndProject
Project("{2150E333-8FDC-42A3-9474-1A3956D46DE8}") = "OOPsConcept", "OOPsConcept", "{F1B34365-85E0-4529-ADF1-77C48DD3C62D}"
EndProject
Project("{9A19103F-16F7-4668-BE54-9A1E7A4F7556}") = "OopsRelatedConceptImplementation", "OOPsConcept\OopsRelatedConceptImplementation\OopsRelatedConceptImplementation.csproj", "{CC1B0D24-F9AE-4887-9E7D-8A59F826DED5}"
EndProject
Project("{9A19103F-16F7-4668-BE54-9A1E7A4F7556}") = "cancellation-token-api", "Mini-Implementation\cancellation-token-api\cancellation-token-api.csproj", "{C335F45A-655A-4294-8477-AB142AE23505}"
EndProject
Project("{9A19103F-16F7-4668-BE54-9A1E7A4F7556}") = "cancellation-token-example", "Mini-Implementation\cancellation-token-example\cancellation-token-example\cancellation-token-example.csproj", "{0802E61A-45BF-4FA5-ADD1-8C7DF995F0BA}"
EndProject
Project("{9A19103F-16F7-4668-BE54-9A1E7A4F7556}") = "MongoDBDemo", "DatabaseRelated\MongoDBDemo\MongoDBDemo.csproj", "{F880E695-48D6-496E-91A4-75AA8D395435}"
EndProject
Project("{9A19103F-16F7-4668-BE54-9A1E7A4F7556}") = "CassandraConnectSample", "DatabaseRelated\CassandraConnectSample\CassandraConnectSample.csproj", "{D42A2A93-4CD4-469B-A578-969A362B8F4D}"
EndProject
Project("{2150E333-8FDC-42A3-9474-1A3956D46DE8}") = "SSO", "SSO", "{63F2A4EF-1BBE-4733-92A0-DB1F6A90A897}"
EndProject
Project("{9A19103F-16F7-4668-BE54-9A1E7A4F7556}") = "KeyCloakSSO", "SSO\KeyCloakSSO\KeyCloakSSO.csproj", "{AB50EF27-6653-46EA-A16B-0C436781C379}"
EndProject
Project("{9A19103F-16F7-4668-BE54-9A1E7A4F7556}") = "AWSCognitoSSO", "SSO\AWSCognitoSSO\AWSCognitoSSO.csproj", "{1CE5EFAA-D557-46A7-9C7F-6F6CB8C76815}"
EndProject
Project("{9A19103F-16F7-4668-BE54-9A1E7A4F7556}") = "RedisDemo", "DatabaseRelated\RedisDemo\RedisDemo.csproj", "{81538430-BB70-492F-B69B-F44C44E60A0E}"
EndProject
Project("{2150E333-8FDC-42A3-9474-1A3956D46DE8}") = "DataStorage", "DataStorage", "{4A55A25C-6353-4A6F-A44B-EFBF518A90E8}"
EndProject
Project("{9A19103F-16F7-4668-BE54-9A1E7A4F7556}") = "SystemDataStorage", "DataStorage\SystemDataStorage\SystemDataStorage.csproj", "{29BF3718-64E4-457A-A998-123103A26191}"
EndProject
Project("{9A19103F-16F7-4668-BE54-9A1E7A4F7556}") = "S3DataStorage", "DataStorage\S3DataStorage\S3DataStorage.csproj", "{19BAB72C-209A-4B37-925F-62E37115FE95}"
EndProject
Project("{9A19103F-16F7-4668-BE54-9A1E7A4F7556}") = "AzureDataStorage", "DataStorage\AzureDataStorage\AzureDataStorage.csproj", "{AC2826BE-4EF0-4EFF-94E4-A25411FCF41C}"
EndProject
Project("{9A19103F-16F7-4668-BE54-9A1E7A4F7556}") = "GoogleCloudStorage", "DataStorage\GoogleCloudStorage\GoogleCloudStorage.csproj", "{6F31A84D-CE8A-4901-8027-E5C53FC18C3B}"
EndProject
Project("{9A19103F-16F7-4668-BE54-9A1E7A4F7556}") = "DigitalOceanSpaces", "DataStorage\DigitalOceanSpaces\DigitalOceanSpaces.csproj", "{118BC03E-97F7-415C-95C8-4AE5788F6454}"
EndProject
Project("{9A19103F-16F7-4668-BE54-9A1E7A4F7556}") = "BackblazeB2CloudStorage", "DataStorage\BackblazeB2CloudStorage\BackblazeB2CloudStorage.csproj", "{337419CA-FA4D-454D-8FBA-A81A065427E6}"
EndProject
Project("{FAE04EC0-301F-11D3-BF4B-00C04F79EFBC}") = "ThreadsConcept", "OOPsConcept\ThreadsConcept\ThreadsConcept.csproj", "{1041090C-568E-40BE-98A9-3237C86FB2CB}"
EndProject
Project("{FAE04EC0-301F-11D3-BF4B-00C04F79EFBC}") = "MultiTenancy", "DatabaseRelated\MultiTenancy\MultiTenancy.csproj", "{A5FCEF15-3B31-4AD2-86A1-DF4A345D5462}"
EndProject
Project("{2150E333-8FDC-42A3-9474-1A3956D46DE8}") = "BackGround", "BackGround", "{02EA681E-C7D8-13C7-8484-4AC65E1B71E8}"
EndProject
Project("{FAE04EC0-301F-11D3-BF4B-00C04F79EFBC}") = "HangFire_MutliTenancy", "BackGround\HangFire_MutliTenancy\HangFire_MutliTenancy.csproj", "{0BCBADCF-D03B-4B8B-A200-AFE891D8C2F5}"
EndProject
Project("{2150E333-8FDC-42A3-9474-1A3956D46DE8}") = "OCR", "OCR", "{1C7ED83E-9A4E-458E-8271-9C38470B9120}"
EndProject
Project("{FAE04EC0-301F-11D3-BF4B-00C04F79EFBC}") = "ConsoleOCR", "OCR\ConsoleOCR\ConsoleOCR.csproj", "{3B6DE9C4-F1C9-76F6-CBE3-6666F8F383AD}"
EndProject
Project("{FAE04EC0-301F-11D3-BF4B-00C04F79EFBC}") = "OcrApi", "OCR\OcrApi\OcrApi.csproj", "{1A97D1D8-1419-4171-9538-14D37B32164E}"
EndProject
Project("{2150E333-8FDC-42A3-9474-1A3956D46DE8}") = "GraphQL", "GraphQL", "{2C1244A0-1374-472D-8073-C02BF7BFCDF5}"
EndProject
Project("{FAE04EC0-301F-11D3-BF4B-00C04F79EFBC}") = "GraphQLProject", "GraphQL\GraphQLProject\GraphQLProject.csproj", "{A43C8BDC-6960-3DE0-6CA2-14C408A1468C}"
EndProject
Project("{FAE04EC0-301F-11D3-BF4B-00C04F79EFBC}") = "PizzaOrder.Api", "GraphQL\PizzaOrder.Api\PizzaOrder.Api.csproj", "{6A7F55F2-FC50-400A-AE73-C728F5612AB0}"
EndProject
Project("{FAE04EC0-301F-11D3-BF4B-00C04F79EFBC}") = "PizzaOrder.Data", "GraphQL\PizzaOrder.Data\PizzaOrder.Data.csproj", "{0DC764C4-5989-4A4B-80CC-9BD0E59F7B1A}"
EndProject
Project("{2150E333-8FDC-42A3-9474-1A3956D46DE8}") = "SOLIDPrinciples", "SOLIDPrinciples", "{43CE0E87-4D07-485C-817B-285F2F25D14F}"
EndProject
Project("{2150E333-8FDC-42A3-9474-1A3956D46DE8}") = "WebHooks", "WebHooks", "{5091BAFE-BD84-45EB-A944-9A5429EBC1A3}"
EndProject
Project("{FAE04EC0-301F-11D3-BF4B-00C04F79EFBC}") = "WebHook.Api", "WebHooks\WebHook.Api\WebHook.Api.csproj", "{666A8600-1352-975B-CC95-3C53CCB921DF}"
EndProject
Project("{FAE04EC0-301F-11D3-BF4B-00C04F79EFBC}") = "LibraryManagementSystem", "SOLIDPrinciples\LibraryManagementSystem\LibraryManagementSystem.csproj", "{E17D344B-ADD0-5725-9060-96F6506DD17B}"
EndProject
Project("{FAE04EC0-301F-11D3-BF4B-00C04F79EFBC}") = "RideSharingApp", "SOLIDPrinciples\RideSharingApp\RideSharingApp.csproj", "{26F07028-4E03-4ACB-8A9E-E4F1B631576F}"
EndProject
Project("{FAE04EC0-301F-11D3-BF4B-00C04F79EFBC}") = "UrlShortening.Api", "Mini-Implementation\UrlShortening.Api\UrlShortening.Api.csproj", "{27BEF337-0B52-BCF7-1D66-E448E0B4E4CD}"
EndProject
Project("{2150E333-8FDC-42A3-9474-1A3956D46DE8}") = "Host", "Host", "{C2B18E41-4684-4083-886A-C017A28E92F0}"
EndProject
Project("{FAE04EC0-301F-11D3-BF4B-00C04F79EFBC}") = "MinimalApi.AppHost", "Host\MinimalApi.AppHost\MinimalApi.AppHost.csproj", "{403C58A3-59D9-B1F9-4BBB-0D6596CEA31C}"
EndProject
Project("{FAE04EC0-301F-11D3-BF4B-00C04F79EFBC}") = "MinimalApi.ServiceDefaults", "Host\MinimalApi.ServiceDefaults\MinimalApi.ServiceDefaults.csproj", "{064E9FB3-9A8E-8D1A-92A6-A435F043142B}"
EndProject
Project("{FAE04EC0-301F-11D3-BF4B-00C04F79EFBC}") = "Stocks.Realtime.Api", "Mini-Implementation\Stocks.Realtime.Api\Stocks.Realtime.Api.csproj", "{30632193-1170-69CE-2B06-D600411CF00D}"
EndProject
Global
	GlobalSection(SolutionConfigurationPlatforms) = preSolution
		Debug|Any CPU = Debug|Any CPU
		Release|Any CPU = Release|Any CPU
	EndGlobalSection
	GlobalSection(ProjectConfigurationPlatforms) = postSolution
		{4E6183A4-4A22-46AD-BB85-7C62C5AF15E8}.Debug|Any CPU.ActiveCfg = Debug|Any CPU
		{4E6183A4-4A22-46AD-BB85-7C62C5AF15E8}.Debug|Any CPU.Build.0 = Debug|Any CPU
		{4E6183A4-4A22-46AD-BB85-7C62C5AF15E8}.Release|Any CPU.ActiveCfg = Release|Any CPU
		{4E6183A4-4A22-46AD-BB85-7C62C5AF15E8}.Release|Any CPU.Build.0 = Release|Any CPU
		{BE139EAC-0577-4F99-970D-F9B08DBCE4AF}.Debug|Any CPU.ActiveCfg = Debug|Any CPU
		{BE139EAC-0577-4F99-970D-F9B08DBCE4AF}.Debug|Any CPU.Build.0 = Debug|Any CPU
		{BE139EAC-0577-4F99-970D-F9B08DBCE4AF}.Release|Any CPU.ActiveCfg = Release|Any CPU
		{BE139EAC-0577-4F99-970D-F9B08DBCE4AF}.Release|Any CPU.Build.0 = Release|Any CPU
		{BD188FD6-E1D6-4563-8CB4-924297EF75B8}.Debug|Any CPU.ActiveCfg = Debug|Any CPU
		{BD188FD6-E1D6-4563-8CB4-924297EF75B8}.Debug|Any CPU.Build.0 = Debug|Any CPU
		{BD188FD6-E1D6-4563-8CB4-924297EF75B8}.Release|Any CPU.ActiveCfg = Release|Any CPU
		{BD188FD6-E1D6-4563-8CB4-924297EF75B8}.Release|Any CPU.Build.0 = Release|Any CPU
		{CE97EA10-567D-4B19-B17F-18C69AA68453}.Debug|Any CPU.ActiveCfg = Debug|Any CPU
		{CE97EA10-567D-4B19-B17F-18C69AA68453}.Debug|Any CPU.Build.0 = Debug|Any CPU
		{CE97EA10-567D-4B19-B17F-18C69AA68453}.Release|Any CPU.ActiveCfg = Release|Any CPU
		{CE97EA10-567D-4B19-B17F-18C69AA68453}.Release|Any CPU.Build.0 = Release|Any CPU
		{38D6C403-7155-4D07-8231-CBA33FEC83F9}.Debug|Any CPU.ActiveCfg = Debug|Any CPU
		{38D6C403-7155-4D07-8231-CBA33FEC83F9}.Debug|Any CPU.Build.0 = Debug|Any CPU
		{38D6C403-7155-4D07-8231-CBA33FEC83F9}.Release|Any CPU.ActiveCfg = Release|Any CPU
		{38D6C403-7155-4D07-8231-CBA33FEC83F9}.Release|Any CPU.Build.0 = Release|Any CPU
		{2089352B-28BA-4EF1-BE2B-9101C7A3A285}.Debug|Any CPU.ActiveCfg = Debug|Any CPU
		{2089352B-28BA-4EF1-BE2B-9101C7A3A285}.Debug|Any CPU.Build.0 = Debug|Any CPU
		{2089352B-28BA-4EF1-BE2B-9101C7A3A285}.Release|Any CPU.ActiveCfg = Release|Any CPU
		{2089352B-28BA-4EF1-BE2B-9101C7A3A285}.Release|Any CPU.Build.0 = Release|Any CPU
		{C906395A-B38A-4FB0-B2F6-D98D8AFE03AE}.Debug|Any CPU.ActiveCfg = Debug|Any CPU
		{C906395A-B38A-4FB0-B2F6-D98D8AFE03AE}.Debug|Any CPU.Build.0 = Debug|Any CPU
		{C906395A-B38A-4FB0-B2F6-D98D8AFE03AE}.Release|Any CPU.ActiveCfg = Release|Any CPU
		{C906395A-B38A-4FB0-B2F6-D98D8AFE03AE}.Release|Any CPU.Build.0 = Release|Any CPU
		{DCD09E49-758A-4BB7-BA34-222C226C163A}.Debug|Any CPU.ActiveCfg = Debug|Any CPU
		{DCD09E49-758A-4BB7-BA34-222C226C163A}.Debug|Any CPU.Build.0 = Debug|Any CPU
		{DCD09E49-758A-4BB7-BA34-222C226C163A}.Release|Any CPU.ActiveCfg = Release|Any CPU
		{DCD09E49-758A-4BB7-BA34-222C226C163A}.Release|Any CPU.Build.0 = Release|Any CPU
		{ED0FD884-7C60-4386-8DC4-F842F7EF9144}.Debug|Any CPU.ActiveCfg = Debug|Any CPU
		{ED0FD884-7C60-4386-8DC4-F842F7EF9144}.Debug|Any CPU.Build.0 = Debug|Any CPU
		{ED0FD884-7C60-4386-8DC4-F842F7EF9144}.Release|Any CPU.ActiveCfg = Release|Any CPU
		{ED0FD884-7C60-4386-8DC4-F842F7EF9144}.Release|Any CPU.Build.0 = Release|Any CPU
		{22B566C6-0DB2-4295-9B37-3C23F9C81AF8}.Debug|Any CPU.ActiveCfg = Debug|Any CPU
		{22B566C6-0DB2-4295-9B37-3C23F9C81AF8}.Debug|Any CPU.Build.0 = Debug|Any CPU
		{22B566C6-0DB2-4295-9B37-3C23F9C81AF8}.Release|Any CPU.ActiveCfg = Release|Any CPU
		{22B566C6-0DB2-4295-9B37-3C23F9C81AF8}.Release|Any CPU.Build.0 = Release|Any CPU
		{9F5345B5-C3FE-4BD3-B111-5632643E384C}.Debug|Any CPU.ActiveCfg = Debug|Any CPU
		{9F5345B5-C3FE-4BD3-B111-5632643E384C}.Debug|Any CPU.Build.0 = Debug|Any CPU
		{9F5345B5-C3FE-4BD3-B111-5632643E384C}.Release|Any CPU.ActiveCfg = Release|Any CPU
		{9F5345B5-C3FE-4BD3-B111-5632643E384C}.Release|Any CPU.Build.0 = Release|Any CPU
		{4E348587-1E6C-4450-B346-D4E212F0DBCD}.Debug|Any CPU.ActiveCfg = Debug|Any CPU
		{4E348587-1E6C-4450-B346-D4E212F0DBCD}.Debug|Any CPU.Build.0 = Debug|Any CPU
		{4E348587-1E6C-4450-B346-D4E212F0DBCD}.Release|Any CPU.ActiveCfg = Release|Any CPU
		{4E348587-1E6C-4450-B346-D4E212F0DBCD}.Release|Any CPU.Build.0 = Release|Any CPU
		{B026EF93-615F-4B8E-B0AD-AA1831AEF32C}.Debug|Any CPU.ActiveCfg = Debug|Any CPU
		{B026EF93-615F-4B8E-B0AD-AA1831AEF32C}.Debug|Any CPU.Build.0 = Debug|Any CPU
		{B026EF93-615F-4B8E-B0AD-AA1831AEF32C}.Release|Any CPU.ActiveCfg = Release|Any CPU
		{B026EF93-615F-4B8E-B0AD-AA1831AEF32C}.Release|Any CPU.Build.0 = Release|Any CPU
		{CC1B0D24-F9AE-4887-9E7D-8A59F826DED5}.Debug|Any CPU.ActiveCfg = Debug|Any CPU
		{CC1B0D24-F9AE-4887-9E7D-8A59F826DED5}.Debug|Any CPU.Build.0 = Debug|Any CPU
		{CC1B0D24-F9AE-4887-9E7D-8A59F826DED5}.Release|Any CPU.ActiveCfg = Release|Any CPU
		{CC1B0D24-F9AE-4887-9E7D-8A59F826DED5}.Release|Any CPU.Build.0 = Release|Any CPU
		{C335F45A-655A-4294-8477-AB142AE23505}.Debug|Any CPU.ActiveCfg = Debug|Any CPU
		{C335F45A-655A-4294-8477-AB142AE23505}.Debug|Any CPU.Build.0 = Debug|Any CPU
		{C335F45A-655A-4294-8477-AB142AE23505}.Release|Any CPU.ActiveCfg = Release|Any CPU
		{C335F45A-655A-4294-8477-AB142AE23505}.Release|Any CPU.Build.0 = Release|Any CPU
		{0802E61A-45BF-4FA5-ADD1-8C7DF995F0BA}.Debug|Any CPU.ActiveCfg = Debug|Any CPU
		{0802E61A-45BF-4FA5-ADD1-8C7DF995F0BA}.Debug|Any CPU.Build.0 = Debug|Any CPU
		{0802E61A-45BF-4FA5-ADD1-8C7DF995F0BA}.Release|Any CPU.ActiveCfg = Release|Any CPU
		{0802E61A-45BF-4FA5-ADD1-8C7DF995F0BA}.Release|Any CPU.Build.0 = Release|Any CPU
		{F880E695-48D6-496E-91A4-75AA8D395435}.Debug|Any CPU.ActiveCfg = Debug|Any CPU
		{F880E695-48D6-496E-91A4-75AA8D395435}.Debug|Any CPU.Build.0 = Debug|Any CPU
		{F880E695-48D6-496E-91A4-75AA8D395435}.Release|Any CPU.ActiveCfg = Release|Any CPU
		{F880E695-48D6-496E-91A4-75AA8D395435}.Release|Any CPU.Build.0 = Release|Any CPU
		{D42A2A93-4CD4-469B-A578-969A362B8F4D}.Debug|Any CPU.ActiveCfg = Debug|Any CPU
		{D42A2A93-4CD4-469B-A578-969A362B8F4D}.Debug|Any CPU.Build.0 = Debug|Any CPU
		{D42A2A93-4CD4-469B-A578-969A362B8F4D}.Release|Any CPU.ActiveCfg = Release|Any CPU
		{D42A2A93-4CD4-469B-A578-969A362B8F4D}.Release|Any CPU.Build.0 = Release|Any CPU
		{AB50EF27-6653-46EA-A16B-0C436781C379}.Debug|Any CPU.ActiveCfg = Debug|Any CPU
		{AB50EF27-6653-46EA-A16B-0C436781C379}.Debug|Any CPU.Build.0 = Debug|Any CPU
		{AB50EF27-6653-46EA-A16B-0C436781C379}.Release|Any CPU.ActiveCfg = Release|Any CPU
		{AB50EF27-6653-46EA-A16B-0C436781C379}.Release|Any CPU.Build.0 = Release|Any CPU
		{1CE5EFAA-D557-46A7-9C7F-6F6CB8C76815}.Debug|Any CPU.ActiveCfg = Debug|Any CPU
		{1CE5EFAA-D557-46A7-9C7F-6F6CB8C76815}.Debug|Any CPU.Build.0 = Debug|Any CPU
		{1CE5EFAA-D557-46A7-9C7F-6F6CB8C76815}.Release|Any CPU.ActiveCfg = Release|Any CPU
		{1CE5EFAA-D557-46A7-9C7F-6F6CB8C76815}.Release|Any CPU.Build.0 = Release|Any CPU
		{81538430-BB70-492F-B69B-F44C44E60A0E}.Debug|Any CPU.ActiveCfg = Debug|Any CPU
		{81538430-BB70-492F-B69B-F44C44E60A0E}.Debug|Any CPU.Build.0 = Debug|Any CPU
		{81538430-BB70-492F-B69B-F44C44E60A0E}.Release|Any CPU.ActiveCfg = Release|Any CPU
		{81538430-BB70-492F-B69B-F44C44E60A0E}.Release|Any CPU.Build.0 = Release|Any CPU
		{29BF3718-64E4-457A-A998-123103A26191}.Debug|Any CPU.ActiveCfg = Debug|Any CPU
		{29BF3718-64E4-457A-A998-123103A26191}.Debug|Any CPU.Build.0 = Debug|Any CPU
		{29BF3718-64E4-457A-A998-123103A26191}.Release|Any CPU.ActiveCfg = Release|Any CPU
		{29BF3718-64E4-457A-A998-123103A26191}.Release|Any CPU.Build.0 = Release|Any CPU
		{19BAB72C-209A-4B37-925F-62E37115FE95}.Debug|Any CPU.ActiveCfg = Debug|Any CPU
		{19BAB72C-209A-4B37-925F-62E37115FE95}.Debug|Any CPU.Build.0 = Debug|Any CPU
		{19BAB72C-209A-4B37-925F-62E37115FE95}.Release|Any CPU.ActiveCfg = Release|Any CPU
		{19BAB72C-209A-4B37-925F-62E37115FE95}.Release|Any CPU.Build.0 = Release|Any CPU
		{AC2826BE-4EF0-4EFF-94E4-A25411FCF41C}.Debug|Any CPU.ActiveCfg = Debug|Any CPU
		{AC2826BE-4EF0-4EFF-94E4-A25411FCF41C}.Debug|Any CPU.Build.0 = Debug|Any CPU
		{AC2826BE-4EF0-4EFF-94E4-A25411FCF41C}.Release|Any CPU.ActiveCfg = Release|Any CPU
		{AC2826BE-4EF0-4EFF-94E4-A25411FCF41C}.Release|Any CPU.Build.0 = Release|Any CPU
		{6F31A84D-CE8A-4901-8027-E5C53FC18C3B}.Debug|Any CPU.ActiveCfg = Debug|Any CPU
		{6F31A84D-CE8A-4901-8027-E5C53FC18C3B}.Debug|Any CPU.Build.0 = Debug|Any CPU
		{6F31A84D-CE8A-4901-8027-E5C53FC18C3B}.Release|Any CPU.ActiveCfg = Release|Any CPU
		{6F31A84D-CE8A-4901-8027-E5C53FC18C3B}.Release|Any CPU.Build.0 = Release|Any CPU
		{118BC03E-97F7-415C-95C8-4AE5788F6454}.Debug|Any CPU.ActiveCfg = Debug|Any CPU
		{118BC03E-97F7-415C-95C8-4AE5788F6454}.Debug|Any CPU.Build.0 = Debug|Any CPU
		{118BC03E-97F7-415C-95C8-4AE5788F6454}.Release|Any CPU.ActiveCfg = Release|Any CPU
		{118BC03E-97F7-415C-95C8-4AE5788F6454}.Release|Any CPU.Build.0 = Release|Any CPU
		{337419CA-FA4D-454D-8FBA-A81A065427E6}.Debug|Any CPU.ActiveCfg = Debug|Any CPU
		{337419CA-FA4D-454D-8FBA-A81A065427E6}.Debug|Any CPU.Build.0 = Debug|Any CPU
		{337419CA-FA4D-454D-8FBA-A81A065427E6}.Release|Any CPU.ActiveCfg = Release|Any CPU
		{337419CA-FA4D-454D-8FBA-A81A065427E6}.Release|Any CPU.Build.0 = Release|Any CPU
		{1041090C-568E-40BE-98A9-3237C86FB2CB}.Debug|Any CPU.ActiveCfg = Debug|Any CPU
		{1041090C-568E-40BE-98A9-3237C86FB2CB}.Debug|Any CPU.Build.0 = Debug|Any CPU
		{1041090C-568E-40BE-98A9-3237C86FB2CB}.Release|Any CPU.ActiveCfg = Release|Any CPU
		{1041090C-568E-40BE-98A9-3237C86FB2CB}.Release|Any CPU.Build.0 = Release|Any CPU
		{A5FCEF15-3B31-4AD2-86A1-DF4A345D5462}.Debug|Any CPU.ActiveCfg = Debug|Any CPU
		{A5FCEF15-3B31-4AD2-86A1-DF4A345D5462}.Debug|Any CPU.Build.0 = Debug|Any CPU
		{A5FCEF15-3B31-4AD2-86A1-DF4A345D5462}.Release|Any CPU.ActiveCfg = Release|Any CPU
		{A5FCEF15-3B31-4AD2-86A1-DF4A345D5462}.Release|Any CPU.Build.0 = Release|Any CPU
		{0BCBADCF-D03B-4B8B-A200-AFE891D8C2F5}.Debug|Any CPU.ActiveCfg = Debug|Any CPU
		{0BCBADCF-D03B-4B8B-A200-AFE891D8C2F5}.Debug|Any CPU.Build.0 = Debug|Any CPU
		{0BCBADCF-D03B-4B8B-A200-AFE891D8C2F5}.Release|Any CPU.ActiveCfg = Release|Any CPU
		{0BCBADCF-D03B-4B8B-A200-AFE891D8C2F5}.Release|Any CPU.Build.0 = Release|Any CPU
		{3B6DE9C4-F1C9-76F6-CBE3-6666F8F383AD}.Debug|Any CPU.ActiveCfg = Debug|Any CPU
		{3B6DE9C4-F1C9-76F6-CBE3-6666F8F383AD}.Debug|Any CPU.Build.0 = Debug|Any CPU
		{3B6DE9C4-F1C9-76F6-CBE3-6666F8F383AD}.Release|Any CPU.ActiveCfg = Release|Any CPU
		{3B6DE9C4-F1C9-76F6-CBE3-6666F8F383AD}.Release|Any CPU.Build.0 = Release|Any CPU
		{1A97D1D8-1419-4171-9538-14D37B32164E}.Debug|Any CPU.ActiveCfg = Debug|Any CPU
		{1A97D1D8-1419-4171-9538-14D37B32164E}.Debug|Any CPU.Build.0 = Debug|Any CPU
		{1A97D1D8-1419-4171-9538-14D37B32164E}.Release|Any CPU.ActiveCfg = Release|Any CPU
		{1A97D1D8-1419-4171-9538-14D37B32164E}.Release|Any CPU.Build.0 = Release|Any CPU
		{A43C8BDC-6960-3DE0-6CA2-14C408A1468C}.Debug|Any CPU.ActiveCfg = Debug|Any CPU
		{A43C8BDC-6960-3DE0-6CA2-14C408A1468C}.Debug|Any CPU.Build.0 = Debug|Any CPU
		{A43C8BDC-6960-3DE0-6CA2-14C408A1468C}.Release|Any CPU.ActiveCfg = Release|Any CPU
		{A43C8BDC-6960-3DE0-6CA2-14C408A1468C}.Release|Any CPU.Build.0 = Release|Any CPU
		{6A7F55F2-FC50-400A-AE73-C728F5612AB0}.Debug|Any CPU.ActiveCfg = Debug|Any CPU
		{6A7F55F2-FC50-400A-AE73-C728F5612AB0}.Debug|Any CPU.Build.0 = Debug|Any CPU
		{6A7F55F2-FC50-400A-AE73-C728F5612AB0}.Release|Any CPU.ActiveCfg = Release|Any CPU
		{6A7F55F2-FC50-400A-AE73-C728F5612AB0}.Release|Any CPU.Build.0 = Release|Any CPU
		{0DC764C4-5989-4A4B-80CC-9BD0E59F7B1A}.Debug|Any CPU.ActiveCfg = Debug|Any CPU
		{0DC764C4-5989-4A4B-80CC-9BD0E59F7B1A}.Debug|Any CPU.Build.0 = Debug|Any CPU
		{0DC764C4-5989-4A4B-80CC-9BD0E59F7B1A}.Release|Any CPU.ActiveCfg = Release|Any CPU
		{0DC764C4-5989-4A4B-80CC-9BD0E59F7B1A}.Release|Any CPU.Build.0 = Release|Any CPU
		{666A8600-1352-975B-CC95-3C53CCB921DF}.Debug|Any CPU.ActiveCfg = Debug|Any CPU
		{666A8600-1352-975B-CC95-3C53CCB921DF}.Debug|Any CPU.Build.0 = Debug|Any CPU
		{666A8600-1352-975B-CC95-3C53CCB921DF}.Release|Any CPU.ActiveCfg = Release|Any CPU
		{666A8600-1352-975B-CC95-3C53CCB921DF}.Release|Any CPU.Build.0 = Release|Any CPU
		{E17D344B-ADD0-5725-9060-96F6506DD17B}.Debug|Any CPU.ActiveCfg = Debug|Any CPU
		{E17D344B-ADD0-5725-9060-96F6506DD17B}.Debug|Any CPU.Build.0 = Debug|Any CPU
		{E17D344B-ADD0-5725-9060-96F6506DD17B}.Release|Any CPU.ActiveCfg = Release|Any CPU
		{E17D344B-ADD0-5725-9060-96F6506DD17B}.Release|Any CPU.Build.0 = Release|Any CPU
		{26F07028-4E03-4ACB-8A9E-E4F1B631576F}.Debug|Any CPU.ActiveCfg = Debug|Any CPU
		{26F07028-4E03-4ACB-8A9E-E4F1B631576F}.Debug|Any CPU.Build.0 = Debug|Any CPU
		{26F07028-4E03-4ACB-8A9E-E4F1B631576F}.Release|Any CPU.ActiveCfg = Release|Any CPU
		{26F07028-4E03-4ACB-8A9E-E4F1B631576F}.Release|Any CPU.Build.0 = Release|Any CPU
		{27BEF337-0B52-BCF7-1D66-E448E0B4E4CD}.Debug|Any CPU.ActiveCfg = Debug|Any CPU
		{27BEF337-0B52-BCF7-1D66-E448E0B4E4CD}.Debug|Any CPU.Build.0 = Debug|Any CPU
		{27BEF337-0B52-BCF7-1D66-E448E0B4E4CD}.Release|Any CPU.ActiveCfg = Release|Any CPU
		{27BEF337-0B52-BCF7-1D66-E448E0B4E4CD}.Release|Any CPU.Build.0 = Release|Any CPU
		{403C58A3-59D9-B1F9-4BBB-0D6596CEA31C}.Debug|Any CPU.ActiveCfg = Debug|Any CPU
		{403C58A3-59D9-B1F9-4BBB-0D6596CEA31C}.Debug|Any CPU.Build.0 = Debug|Any CPU
		{403C58A3-59D9-B1F9-4BBB-0D6596CEA31C}.Release|Any CPU.ActiveCfg = Release|Any CPU
		{403C58A3-59D9-B1F9-4BBB-0D6596CEA31C}.Release|Any CPU.Build.0 = Release|Any CPU
		{064E9FB3-9A8E-8D1A-92A6-A435F043142B}.Debug|Any CPU.ActiveCfg = Debug|Any CPU
		{064E9FB3-9A8E-8D1A-92A6-A435F043142B}.Debug|Any CPU.Build.0 = Debug|Any CPU
		{064E9FB3-9A8E-8D1A-92A6-A435F043142B}.Release|Any CPU.ActiveCfg = Release|Any CPU
		{064E9FB3-9A8E-8D1A-92A6-A435F043142B}.Release|Any CPU.Build.0 = Release|Any CPU
		{30632193-1170-69CE-2B06-D600411CF00D}.Debug|Any CPU.ActiveCfg = Debug|Any CPU
		{30632193-1170-69CE-2B06-D600411CF00D}.Debug|Any CPU.Build.0 = Debug|Any CPU
		{30632193-1170-69CE-2B06-D600411CF00D}.Release|Any CPU.ActiveCfg = Release|Any CPU
		{30632193-1170-69CE-2B06-D600411CF00D}.Release|Any CPU.Build.0 = Release|Any CPU
	EndGlobalSection
	GlobalSection(SolutionProperties) = preSolution
		HideSolutionNode = FALSE
	EndGlobalSection
	GlobalSection(NestedProjects) = preSolution
		{4E6183A4-4A22-46AD-BB85-7C62C5AF15E8} = {BF860EDD-7496-4D3C-B1CA-F417A1278A40}
		{BE139EAC-0577-4F99-970D-F9B08DBCE4AF} = {5D680459-4AD8-4560-93BF-F3F6CDDD2C3A}
		{BD188FD6-E1D6-4563-8CB4-924297EF75B8} = {BF860EDD-7496-4D3C-B1CA-F417A1278A40}
		{CE97EA10-567D-4B19-B17F-18C69AA68453} = {BF860EDD-7496-4D3C-B1CA-F417A1278A40}
		{38D6C403-7155-4D07-8231-CBA33FEC83F9} = {521AFDDF-8CEB-41DA-822A-6F4672504A4D}
		{2089352B-28BA-4EF1-BE2B-9101C7A3A285} = {EAC30FB9-13C4-4CFF-B4BA-15A459072D65}
		{C906395A-B38A-4FB0-B2F6-D98D8AFE03AE} = {BF860EDD-7496-4D3C-B1CA-F417A1278A40}
		{DCD09E49-758A-4BB7-BA34-222C226C163A} = {5D680459-4AD8-4560-93BF-F3F6CDDD2C3A}
		{ED0FD884-7C60-4386-8DC4-F842F7EF9144} = {8503A187-E15B-4A93-9CFB-286988E67A21}
		{22B566C6-0DB2-4295-9B37-3C23F9C81AF8} = {8503A187-E15B-4A93-9CFB-286988E67A21}
		{9F5345B5-C3FE-4BD3-B111-5632643E384C} = {8503A187-E15B-4A93-9CFB-286988E67A21}
		{4E348587-1E6C-4450-B346-D4E212F0DBCD} = {8503A187-E15B-4A93-9CFB-286988E67A21}
		{B026EF93-615F-4B8E-B0AD-AA1831AEF32C} = {8503A187-E15B-4A93-9CFB-286988E67A21}
		{CC1B0D24-F9AE-4887-9E7D-8A59F826DED5} = {F1B34365-85E0-4529-ADF1-77C48DD3C62D}
		{C335F45A-655A-4294-8477-AB142AE23505} = {BF860EDD-7496-4D3C-B1CA-F417A1278A40}
		{0802E61A-45BF-4FA5-ADD1-8C7DF995F0BA} = {BF860EDD-7496-4D3C-B1CA-F417A1278A40}
		{F880E695-48D6-496E-91A4-75AA8D395435} = {5D680459-4AD8-4560-93BF-F3F6CDDD2C3A}
		{D42A2A93-4CD4-469B-A578-969A362B8F4D} = {5D680459-4AD8-4560-93BF-F3F6CDDD2C3A}
		{AB50EF27-6653-46EA-A16B-0C436781C379} = {63F2A4EF-1BBE-4733-92A0-DB1F6A90A897}
		{1CE5EFAA-D557-46A7-9C7F-6F6CB8C76815} = {63F2A4EF-1BBE-4733-92A0-DB1F6A90A897}
		{81538430-BB70-492F-B69B-F44C44E60A0E} = {5D680459-4AD8-4560-93BF-F3F6CDDD2C3A}
		{29BF3718-64E4-457A-A998-123103A26191} = {4A55A25C-6353-4A6F-A44B-EFBF518A90E8}
		{19BAB72C-209A-4B37-925F-62E37115FE95} = {4A55A25C-6353-4A6F-A44B-EFBF518A90E8}
		{AC2826BE-4EF0-4EFF-94E4-A25411FCF41C} = {4A55A25C-6353-4A6F-A44B-EFBF518A90E8}
		{6F31A84D-CE8A-4901-8027-E5C53FC18C3B} = {4A55A25C-6353-4A6F-A44B-EFBF518A90E8}
		{118BC03E-97F7-415C-95C8-4AE5788F6454} = {4A55A25C-6353-4A6F-A44B-EFBF518A90E8}
		{337419CA-FA4D-454D-8FBA-A81A065427E6} = {4A55A25C-6353-4A6F-A44B-EFBF518A90E8}
		{1041090C-568E-40BE-98A9-3237C86FB2CB} = {F1B34365-85E0-4529-ADF1-77C48DD3C62D}
		{A5FCEF15-3B31-4AD2-86A1-DF4A345D5462} = {5D680459-4AD8-4560-93BF-F3F6CDDD2C3A}
		{0BCBADCF-D03B-4B8B-A200-AFE891D8C2F5} = {02EA681E-C7D8-13C7-8484-4AC65E1B71E8}
		{3B6DE9C4-F1C9-76F6-CBE3-6666F8F383AD} = {1C7ED83E-9A4E-458E-8271-9C38470B9120}
		{1A97D1D8-1419-4171-9538-14D37B32164E} = {1C7ED83E-9A4E-458E-8271-9C38470B9120}
		{A43C8BDC-6960-3DE0-6CA2-14C408A1468C} = {2C1244A0-1374-472D-8073-C02BF7BFCDF5}
		{6A7F55F2-FC50-400A-AE73-C728F5612AB0} = {2C1244A0-1374-472D-8073-C02BF7BFCDF5}
		{0DC764C4-5989-4A4B-80CC-9BD0E59F7B1A} = {2C1244A0-1374-472D-8073-C02BF7BFCDF5}
		{666A8600-1352-975B-CC95-3C53CCB921DF} = {5091BAFE-BD84-45EB-A944-9A5429EBC1A3}
		{E17D344B-ADD0-5725-9060-96F6506DD17B} = {43CE0E87-4D07-485C-817B-285F2F25D14F}
		{26F07028-4E03-4ACB-8A9E-E4F1B631576F} = {43CE0E87-4D07-485C-817B-285F2F25D14F}
		{27BEF337-0B52-BCF7-1D66-E448E0B4E4CD} = {BF860EDD-7496-4D3C-B1CA-F417A1278A40}
		{403C58A3-59D9-B1F9-4BBB-0D6596CEA31C} = {C2B18E41-4684-4083-886A-C017A28E92F0}
		{064E9FB3-9A8E-8D1A-92A6-A435F043142B} = {C2B18E41-4684-4083-886A-C017A28E92F0}
		{30632193-1170-69CE-2B06-D600411CF00D} = {BF860EDD-7496-4D3C-B1CA-F417A1278A40}
	EndGlobalSection
	GlobalSection(ExtensibilityGlobals) = postSolution
		SolutionGuid = {28FF3121-2A6C-4EC7-A341-71BD65260A1C}
	EndGlobalSection
EndGlobal
