
Microsoft Visual Studio Solution File, Format Version 12.00
# Visual Studio Version 17
VisualStudioVersion = 17.8.34330.188
MinimumVisualStudioVersion = 10.0.40219.1
Project("{9A19103F-16F7-4668-BE54-9A1E7A4F7556}") = "MinimalApi", "MinimalApi\MinimalApi.csproj", "{30993265-0651-4642-9721-8044155BA2AD}"
EndProject
Project("{9A19103F-16F7-4668-BE54-9A1E7A4F7556}") = "RawCodingSCG", "RawCodingSCG\RawCodingSCG.csproj", "{A4EAB1BF-59BF-4125-9AA7-238C42951FEE}"
EndProject
Project("{9A19103F-16F7-4668-BE54-9A1E7A4F7556}") = "FunctionGenerator", "FunctionGenerator\FunctionGenerator.csproj", "{A5D04886-A69F-4D19-B405-C1B39B8566BB}"
EndProject
Project("{9A19103F-16F7-4668-BE54-9A1E7A4F7556}") = "SampleGenerator", "SampleGenerator\SampleGenerator.csproj", "{27753F89-FA39-4920-B3B2-9ED480EB114D}"
EndProject
Project("{9A19103F-16F7-4668-BE54-9A1E7A4F7556}") = "SourceCodeGenerator", "SourceCodeGenerator\SourceCodeGenerator.csproj", "{530CEE6F-FED1-4B5C-987E-40CD325B74D1}"
EndProject
Project("{2150E333-8FDC-42A3-9474-1A3956D46DE8}") = ".template.config", ".template.config", "{E8C308D8-121D-47FE-9920-4E435EE488B6}"
	ProjectSection(SolutionItems) = preProject
		template.json = template.json
	EndProjectSection
EndProject
Project("{9A19103F-16F7-4668-BE54-9A1E7A4F7556}") = "DbUpDemo", "DbUpDemo\DbUpDemo.csproj", "{3B9C86D6-3FA3-4632-929E-5EB5AE13E32B}"
EndProject
Project("{9A19103F-16F7-4668-BE54-9A1E7A4F7556}") = "xyz.math.cal", "xyz.math.cal\xyz.math.cal.csproj", "{EC9AC57D-4DBE-4130-A4F3-FF5AC3DAC300}"
EndProject
Project("{9A19103F-16F7-4668-BE54-9A1E7A4F7556}") = "FormatDemo", "FormatDemo\FormatDemo.csproj", "{4E6183A4-4A22-46AD-BB85-7C62C5AF15E8}"
EndProject
Project("{FAE04EC0-301F-11D3-BF4B-00C04F79EFBC}") = "HealthCheckandWatchDog", "HealthCheckandWatchDog\HealthCheckandWatchDog.csproj", "{7D294630-2BA4-4972-B601-8343E23FF7A6}"
EndProject
Global
	GlobalSection(SolutionConfigurationPlatforms) = preSolution
		Debug|Any CPU = Debug|Any CPU
		Release|Any CPU = Release|Any CPU
	EndGlobalSection
	GlobalSection(ProjectConfigurationPlatforms) = postSolution
		{30993265-0651-4642-9721-8044155BA2AD}.Debug|Any CPU.ActiveCfg = Debug|Any CPU
		{30993265-0651-4642-9721-8044155BA2AD}.Debug|Any CPU.Build.0 = Debug|Any CPU
		{30993265-0651-4642-9721-8044155BA2AD}.Release|Any CPU.ActiveCfg = Release|Any CPU
		{30993265-0651-4642-9721-8044155BA2AD}.Release|Any CPU.Build.0 = Release|Any CPU
		{A4EAB1BF-59BF-4125-9AA7-238C42951FEE}.Debug|Any CPU.ActiveCfg = Debug|Any CPU
		{A4EAB1BF-59BF-4125-9AA7-238C42951FEE}.Debug|Any CPU.Build.0 = Debug|Any CPU
		{A4EAB1BF-59BF-4125-9AA7-238C42951FEE}.Release|Any CPU.ActiveCfg = Release|Any CPU
		{A4EAB1BF-59BF-4125-9AA7-238C42951FEE}.Release|Any CPU.Build.0 = Release|Any CPU
		{A5D04886-A69F-4D19-B405-C1B39B8566BB}.Debug|Any CPU.ActiveCfg = Debug|Any CPU
		{A5D04886-A69F-4D19-B405-C1B39B8566BB}.Debug|Any CPU.Build.0 = Debug|Any CPU
		{A5D04886-A69F-4D19-B405-C1B39B8566BB}.Release|Any CPU.ActiveCfg = Release|Any CPU
		{A5D04886-A69F-4D19-B405-C1B39B8566BB}.Release|Any CPU.Build.0 = Release|Any CPU
		{27753F89-FA39-4920-B3B2-9ED480EB114D}.Debug|Any CPU.ActiveCfg = Debug|Any CPU
		{27753F89-FA39-4920-B3B2-9ED480EB114D}.Debug|Any CPU.Build.0 = Debug|Any CPU
		{27753F89-FA39-4920-B3B2-9ED480EB114D}.Release|Any CPU.ActiveCfg = Release|Any CPU
		{27753F89-FA39-4920-B3B2-9ED480EB114D}.Release|Any CPU.Build.0 = Release|Any CPU
		{530CEE6F-FED1-4B5C-987E-40CD325B74D1}.Debug|Any CPU.ActiveCfg = Debug|Any CPU
		{530CEE6F-FED1-4B5C-987E-40CD325B74D1}.Debug|Any CPU.Build.0 = Debug|Any CPU
		{530CEE6F-FED1-4B5C-987E-40CD325B74D1}.Release|Any CPU.ActiveCfg = Release|Any CPU
		{530CEE6F-FED1-4B5C-987E-40CD325B74D1}.Release|Any CPU.Build.0 = Release|Any CPU
		{3B9C86D6-3FA3-4632-929E-5EB5AE13E32B}.Debug|Any CPU.ActiveCfg = Debug|Any CPU
		{3B9C86D6-3FA3-4632-929E-5EB5AE13E32B}.Debug|Any CPU.Build.0 = Debug|Any CPU
		{3B9C86D6-3FA3-4632-929E-5EB5AE13E32B}.Release|Any CPU.ActiveCfg = Release|Any CPU
		{3B9C86D6-3FA3-4632-929E-5EB5AE13E32B}.Release|Any CPU.Build.0 = Release|Any CPU
		{EC9AC57D-4DBE-4130-A4F3-FF5AC3DAC300}.Debug|Any CPU.ActiveCfg = Debug|Any CPU
		{EC9AC57D-4DBE-4130-A4F3-FF5AC3DAC300}.Debug|Any CPU.Build.0 = Debug|Any CPU
		{EC9AC57D-4DBE-4130-A4F3-FF5AC3DAC300}.Release|Any CPU.ActiveCfg = Release|Any CPU
		{EC9AC57D-4DBE-4130-A4F3-FF5AC3DAC300}.Release|Any CPU.Build.0 = Release|Any CPU
		{4E6183A4-4A22-46AD-BB85-7C62C5AF15E8}.Debug|Any CPU.ActiveCfg = Debug|Any CPU
		{4E6183A4-4A22-46AD-BB85-7C62C5AF15E8}.Debug|Any CPU.Build.0 = Debug|Any CPU
		{4E6183A4-4A22-46AD-BB85-7C62C5AF15E8}.Release|Any CPU.ActiveCfg = Release|Any CPU
		{4E6183A4-4A22-46AD-BB85-7C62C5AF15E8}.Release|Any CPU.Build.0 = Release|Any CPU
		{7D294630-2BA4-4972-B601-8343E23FF7A6}.Debug|Any CPU.ActiveCfg = Debug|Any CPU
		{7D294630-2BA4-4972-B601-8343E23FF7A6}.Debug|Any CPU.Build.0 = Debug|Any CPU
		{7D294630-2BA4-4972-B601-8343E23FF7A6}.Release|Any CPU.ActiveCfg = Release|Any CPU
		{7D294630-2BA4-4972-B601-8343E23FF7A6}.Release|Any CPU.Build.0 = Release|Any CPU
	EndGlobalSection
	GlobalSection(SolutionProperties) = preSolution
		HideSolutionNode = FALSE
	EndGlobalSection
	GlobalSection(ExtensibilityGlobals) = postSolution
		SolutionGuid = {28FF3121-2A6C-4EC7-A341-71BD65260A1C}
	EndGlobalSection
EndGlobal
